// !$*UTF8*$!
{
	archiveVersion = 1;
	classes = {
	};
	objectVersion = 56;
	objects = {

/* Begin PBXBuildFile section */
		D817979F2AA03F810038665C /* HeaderView.swift in Sources */ = {isa = PBXBuildFile; fileRef = D817979E2AA03F810038665C /* HeaderView.swift */; };
		D81797A32AA096F40038665C /* SongViewController.swift in Sources */ = {isa = PBXBuildFile; fileRef = D81797A22AA096F40038665C /* SongViewController.swift */; };
		D81797A62AA0A8360038665C /* Model.swift in Sources */ = {isa = PBXBuildFile; fileRef = D81797A52AA0A8360038665C /* Model.swift */; };
		D81797A92AA0A9A60038665C /* MusicService.swift in Sources */ = {isa = PBXBuildFile; fileRef = D81797A82AA0A9A60038665C /* MusicService.swift */; };
		D81797AB2AA0AB2C0038665C /* MusicRequest.swift in Sources */ = {isa = PBXBuildFile; fileRef = D81797AA2AA0AB2C0038665C /* MusicRequest.swift */; };
		D81797AD2AA0AE780038665C /* MusicEndpoint.swift in Sources */ = {isa = PBXBuildFile; fileRef = D81797AC2AA0AE780038665C /* MusicEndpoint.swift */; };
		D81797B02AA0BE9A0038665C /* SongTableViewCellViewModel.swift in Sources */ = {isa = PBXBuildFile; fileRef = D81797AF2AA0BE9A0038665C /* SongTableViewCellViewModel.swift */; };
		D81797B32AA0BFB30038665C /* FetchImage.swift in Sources */ = {isa = PBXBuildFile; fileRef = D81797B22AA0BFB30038665C /* FetchImage.swift */; };
		D81797E32AA2178B0038665C /* are-you-ready-for-love-8.mp3 in Resources */ = {isa = PBXBuildFile; fileRef = D81797DD2AA2178B0038665C /* are-you-ready-for-love-8.mp3 */; };
		D81797E42AA2178B0038665C /* mama-cant-buy-you-love.mp3 in Resources */ = {isa = PBXBuildFile; fileRef = D81797DE2AA2178B0038665C /* mama-cant-buy-you-love.mp3 */; };
		D81797E52AA2178B0038665C /* three-way-love-affair-2.mp3 in Resources */ = {isa = PBXBuildFile; fileRef = D81797DF2AA2178B0038665C /* three-way-love-affair-2.mp3 */; };
		D81797E62AA2178B0038665C /* country-love-song.mp3 in Resources */ = {isa = PBXBuildFile; fileRef = D81797E02AA2178B0038665C /* country-love-song.mp3 */; };
		D81797E72AA2178B0038665C /* shine-on-through.mp3 in Resources */ = {isa = PBXBuildFile; fileRef = D81797E12AA2178B0038665C /* shine-on-through.mp3 */; };
		D81797E82AA2178B0038665C /* nice-and-slow-6.mp3 in Resources */ = {isa = PBXBuildFile; fileRef = D81797E22AA2178B0038665C /* nice-and-slow-6.mp3 */; };
		D8A96E7C2A9F8B110015BBD3 /* AppDelegate.swift in Sources */ = {isa = PBXBuildFile; fileRef = D8A96E7B2A9F8B110015BBD3 /* AppDelegate.swift */; };
		D8A96E7E2A9F8B110015BBD3 /* SceneDelegate.swift in Sources */ = {isa = PBXBuildFile; fileRef = D8A96E7D2A9F8B110015BBD3 /* SceneDelegate.swift */; };
		D8A96E852A9F8B130015BBD3 /* Assets.xcassets in Resources */ = {isa = PBXBuildFile; fileRef = D8A96E842A9F8B130015BBD3 /* Assets.xcassets */; };
		D8A96E882A9F8B130015BBD3 /* LaunchScreen.storyboard in Resources */ = {isa = PBXBuildFile; fileRef = D8A96E862A9F8B130015BBD3 /* LaunchScreen.storyboard */; };
		D8A96E912A9F8E410015BBD3 /* MusicListTableView.swift in Sources */ = {isa = PBXBuildFile; fileRef = D8A96E902A9F8E400015BBD3 /* MusicListTableView.swift */; };
		D8A96E982A9F91DB0015BBD3 /* SongTableViewCell.swift in Sources */ = {isa = PBXBuildFile; fileRef = D8A96E962A9F91DB0015BBD3 /* SongTableViewCell.swift */; };
		D8A96E992A9F91DB0015BBD3 /* SongTableViewCell.xib in Resources */ = {isa = PBXBuildFile; fileRef = D8A96E972A9F91DB0015BBD3 /* SongTableViewCell.xib */; };
		D8AC29DA2AC1613B00CA5A1C /* Extesnions.swift in Sources */ = {isa = PBXBuildFile; fileRef = D8AC29D92AC1613B00CA5A1C /* Extesnions.swift */; };
		D8D83E2B2AA3494700B48F28 /* ContainerForSongVCView.swift in Sources */ = {isa = PBXBuildFile; fileRef = D8D83E2A2AA3494700B48F28 /* ContainerForSongVCView.swift */; };
/* End PBXBuildFile section */

/* Begin PBXFileReference section */
		D817979E2AA03F810038665C /* HeaderView.swift */ = {isa = PBXFileReference; lastKnownFileType = sourcecode.swift; path = HeaderView.swift; sourceTree = "<group>"; };
		D81797A22AA096F40038665C /* SongViewController.swift */ = {isa = PBXFileReference; lastKnownFileType = sourcecode.swift; path = SongViewController.swift; sourceTree = "<group>"; };
		D81797A52AA0A8360038665C /* Model.swift */ = {isa = PBXFileReference; lastKnownFileType = sourcecode.swift; path = Model.swift; sourceTree = "<group>"; };
		D81797A82AA0A9A60038665C /* MusicService.swift */ = {isa = PBXFileReference; lastKnownFileType = sourcecode.swift; path = MusicService.swift; sourceTree = "<group>"; };
		D81797AA2AA0AB2C0038665C /* MusicRequest.swift */ = {isa = PBXFileReference; lastKnownFileType = sourcecode.swift; path = MusicRequest.swift; sourceTree = "<group>"; };
		D81797AC2AA0AE780038665C /* MusicEndpoint.swift */ = {isa = PBXFileReference; lastKnownFileType = sourcecode.swift; path = MusicEndpoint.swift; sourceTree = "<group>"; };
		D81797AF2AA0BE9A0038665C /* SongTableViewCellViewModel.swift */ = {isa = PBXFileReference; lastKnownFileType = sourcecode.swift; path = SongTableViewCellViewModel.swift; sourceTree = "<group>"; };
		D81797B22AA0BFB30038665C /* FetchImage.swift */ = {isa = PBXFileReference; lastKnownFileType = sourcecode.swift; path = FetchImage.swift; sourceTree = "<group>"; };
		D81797DD2AA2178B0038665C /* are-you-ready-for-love-8.mp3 */ = {isa = PBXFileReference; lastKnownFileType = audio.mp3; path = "are-you-ready-for-love-8.mp3"; sourceTree = "<group>"; };
		D81797DE2AA2178B0038665C /* mama-cant-buy-you-love.mp3 */ = {isa = PBXFileReference; lastKnownFileType = audio.mp3; path = "mama-cant-buy-you-love.mp3"; sourceTree = "<group>"; };
		D81797DF2AA2178B0038665C /* three-way-love-affair-2.mp3 */ = {isa = PBXFileReference; lastKnownFileType = audio.mp3; path = "three-way-love-affair-2.mp3"; sourceTree = "<group>"; };
		D81797E02AA2178B0038665C /* country-love-song.mp3 */ = {isa = PBXFileReference; lastKnownFileType = audio.mp3; path = "country-love-song.mp3"; sourceTree = "<group>"; };
		D81797E12AA2178B0038665C /* shine-on-through.mp3 */ = {isa = PBXFileReference; lastKnownFileType = audio.mp3; path = "shine-on-through.mp3"; sourceTree = "<group>"; };
		D81797E22AA2178B0038665C /* nice-and-slow-6.mp3 */ = {isa = PBXFileReference; lastKnownFileType = audio.mp3; path = "nice-and-slow-6.mp3"; sourceTree = "<group>"; };
		D8A96E782A9F8B110015BBD3 /* Music.app */ = {isa = PBXFileReference; explicitFileType = wrapper.application; includeInIndex = 0; path = Music.app; sourceTree = BUILT_PRODUCTS_DIR; };
		D8A96E7B2A9F8B110015BBD3 /* AppDelegate.swift */ = {isa = PBXFileReference; lastKnownFileType = sourcecode.swift; path = AppDelegate.swift; sourceTree = "<group>"; };
		D8A96E7D2A9F8B110015BBD3 /* SceneDelegate.swift */ = {isa = PBXFileReference; lastKnownFileType = sourcecode.swift; path = SceneDelegate.swift; sourceTree = "<group>"; };
		D8A96E842A9F8B130015BBD3 /* Assets.xcassets */ = {isa = PBXFileReference; lastKnownFileType = folder.assetcatalog; path = Assets.xcassets; sourceTree = "<group>"; };
		D8A96E872A9F8B130015BBD3 /* Base */ = {isa = PBXFileReference; lastKnownFileType = file.storyboard; name = Base; path = Base.lproj/LaunchScreen.storyboard; sourceTree = "<group>"; };
		D8A96E892A9F8B130015BBD3 /* Info.plist */ = {isa = PBXFileReference; lastKnownFileType = text.plist.xml; path = Info.plist; sourceTree = "<group>"; };
		D8A96E902A9F8E400015BBD3 /* MusicListTableView.swift */ = {isa = PBXFileReference; lastKnownFileType = sourcecode.swift; path = MusicListTableView.swift; sourceTree = "<group>"; };
		D8A96E962A9F91DB0015BBD3 /* SongTableViewCell.swift */ = {isa = PBXFileReference; lastKnownFileType = sourcecode.swift; path = SongTableViewCell.swift; sourceTree = "<group>"; };
		D8A96E972A9F91DB0015BBD3 /* SongTableViewCell.xib */ = {isa = PBXFileReference; lastKnownFileType = file.xib; path = SongTableViewCell.xib; sourceTree = "<group>"; };
		D8AC29D92AC1613B00CA5A1C /* Extesnions.swift */ = {isa = PBXFileReference; lastKnownFileType = sourcecode.swift; path = Extesnions.swift; sourceTree = "<group>"; };
		D8D83E2A2AA3494700B48F28 /* ContainerForSongVCView.swift */ = {isa = PBXFileReference; lastKnownFileType = sourcecode.swift; path = ContainerForSongVCView.swift; sourceTree = "<group>"; };
/* End PBXFileReference section */

/* Begin PBXFrameworksBuildPhase section */
		D8A96E752A9F8B110015BBD3 /* Frameworks */ = {
			isa = PBXFrameworksBuildPhase;
			buildActionMask = 2147483647;
			files = (
			);
			runOnlyForDeploymentPostprocessing = 0;
		};
/* End PBXFrameworksBuildPhase section */

/* Begin PBXGroup section */
		D81797962A9FA05D0038665C /* Views */ = {
			isa = PBXGroup;
			children = (
				D81797982A9FA0800038665C /* Views */,
				D81797972A9FA0740038665C /* Cell */,
				D8AC29D92AC1613B00CA5A1C /* Extesnions.swift */,
			);
			path = Views;
			sourceTree = "<group>";
		};
		D81797972A9FA0740038665C /* Cell */ = {
			isa = PBXGroup;
			children = (
				D8A96E962A9F91DB0015BBD3 /* SongTableViewCell.swift */,
				D8A96E972A9F91DB0015BBD3 /* SongTableViewCell.xib */,
			);
			path = Cell;
			sourceTree = "<group>";
		};
		D81797982A9FA0800038665C /* Views */ = {
			isa = PBXGroup;
			children = (
				D817979E2AA03F810038665C /* HeaderView.swift */,
				D8D83E2A2AA3494700B48F28 /* ContainerForSongVCView.swift */,
			);
			path = Views;
			sourceTree = "<group>";
		};
		D817979D2A9FA24A0038665C /* ViewControllers */ = {
			isa = PBXGroup;
			children = (
				D8A96E902A9F8E400015BBD3 /* MusicListTableView.swift */,
				D81797A22AA096F40038665C /* SongViewController.swift */,
			);
			path = ViewControllers;
			sourceTree = "<group>";
		};
		D81797A42AA0A8290038665C /* Models */ = {
			isa = PBXGroup;
			children = (
				D81797A52AA0A8360038665C /* Model.swift */,
			);
			path = Models;
			sourceTree = "<group>";
		};
		D81797A72AA0A9600038665C /* APIClient */ = {
			isa = PBXGroup;
			children = (
				D81797B12AA0BF8D0038665C /* FetchImages */,
				D81797A82AA0A9A60038665C /* MusicService.swift */,
				D81797AA2AA0AB2C0038665C /* MusicRequest.swift */,
				D81797AC2AA0AE780038665C /* MusicEndpoint.swift */,
			);
			path = APIClient;
			sourceTree = "<group>";
		};
		D81797AE2AA0BE7D0038665C /* ViewModels */ = {
			isa = PBXGroup;
			children = (
				D81797AF2AA0BE9A0038665C /* SongTableViewCellViewModel.swift */,
			);
			path = ViewModels;
			sourceTree = "<group>";
		};
		D81797B12AA0BF8D0038665C /* FetchImages */ = {
			isa = PBXGroup;
			children = (
				D81797B22AA0BFB30038665C /* FetchImage.swift */,
			);
			path = FetchImages;
			sourceTree = "<group>";
		};
		D81797B62AA206BA0038665C /* Audio */ = {
			isa = PBXGroup;
			children = (
				D81797DD2AA2178B0038665C /* are-you-ready-for-love-8.mp3 */,
				D81797E02AA2178B0038665C /* country-love-song.mp3 */,
				D81797DE2AA2178B0038665C /* mama-cant-buy-you-love.mp3 */,
				D81797E22AA2178B0038665C /* nice-and-slow-6.mp3 */,
				D81797E12AA2178B0038665C /* shine-on-through.mp3 */,
				D81797DF2AA2178B0038665C /* three-way-love-affair-2.mp3 */,
			);
			path = Audio;
			sourceTree = "<group>";
		};
		D8A96E6F2A9F8B110015BBD3 = {
			isa = PBXGroup;
			children = (
				D8A96E7A2A9F8B110015BBD3 /* Music */,
				D8A96E792A9F8B110015BBD3 /* Products */,
			);
			sourceTree = "<group>";
		};
		D8A96E792A9F8B110015BBD3 /* Products */ = {
			isa = PBXGroup;
			children = (
				D8A96E782A9F8B110015BBD3 /* Music.app */,
			);
			name = Products;
			sourceTree = "<group>";
		};
		D8A96E7A2A9F8B110015BBD3 /* Music */ = {
			isa = PBXGroup;
			children = (
				D8A96E892A9F8B130015BBD3 /* Info.plist */,
				D8A96E8F2A9F8D9B0015BBD3 /* Resources */,
				D81797A72AA0A9600038665C /* APIClient */,
				D81797A42AA0A8290038665C /* Models */,
				D81797B62AA206BA0038665C /* Audio */,
				D817979D2A9FA24A0038665C /* ViewControllers */,
				D81797AE2AA0BE7D0038665C /* ViewModels */,
				D81797962A9FA05D0038665C /* Views */,
			);
			path = Music;
			sourceTree = "<group>";
		};
		D8A96E8F2A9F8D9B0015BBD3 /* Resources */ = {
			isa = PBXGroup;
			children = (
				D8A96E7B2A9F8B110015BBD3 /* AppDelegate.swift */,
				D8A96E7D2A9F8B110015BBD3 /* SceneDelegate.swift */,
				D8A96E842A9F8B130015BBD3 /* Assets.xcassets */,
				D8A96E862A9F8B130015BBD3 /* LaunchScreen.storyboard */,
			);
			path = Resources;
			sourceTree = "<group>";
		};
/* End PBXGroup section */

/* Begin PBXNativeTarget section */
		D8A96E772A9F8B110015BBD3 /* Music */ = {
			isa = PBXNativeTarget;
			buildConfigurationList = D8A96E8C2A9F8B130015BBD3 /* Build configuration list for PBXNativeTarget "Music" */;
			buildPhases = (
				D8A96E742A9F8B110015BBD3 /* Sources */,
				D8A96E752A9F8B110015BBD3 /* Frameworks */,
				D8A96E762A9F8B110015BBD3 /* Resources */,
			);
			buildRules = (
			);
			dependencies = (
			);
			name = Music;
			productName = Music;
			productReference = D8A96E782A9F8B110015BBD3 /* Music.app */;
			productType = "com.apple.product-type.application";
		};
/* End PBXNativeTarget section */

/* Begin PBXProject section */
		D8A96E702A9F8B110015BBD3 /* Project object */ = {
			isa = PBXProject;
			attributes = {
				BuildIndependentTargetsInParallel = 1;
				LastSwiftUpdateCheck = 1420;
				LastUpgradeCheck = 1420;
				TargetAttributes = {
					D8A96E772A9F8B110015BBD3 = {
						CreatedOnToolsVersion = 14.2;
					};
				};
			};
			buildConfigurationList = D8A96E732A9F8B110015BBD3 /* Build configuration list for PBXProject "Music" */;
			compatibilityVersion = "Xcode 14.0";
			developmentRegion = en;
			hasScannedForEncodings = 0;
			knownRegions = (
				en,
				Base,
			);
			mainGroup = D8A96E6F2A9F8B110015BBD3;
			productRefGroup = D8A96E792A9F8B110015BBD3 /* Products */;
			projectDirPath = "";
			projectRoot = "";
			targets = (
				D8A96E772A9F8B110015BBD3 /* Music */,
			);
		};
/* End PBXProject section */

/* Begin PBXResourcesBuildPhase section */
		D8A96E762A9F8B110015BBD3 /* Resources */ = {
			isa = PBXResourcesBuildPhase;
			buildActionMask = 2147483647;
			files = (
				D81797E62AA2178B0038665C /* country-love-song.mp3 in Resources */,
				D81797E72AA2178B0038665C /* shine-on-through.mp3 in Resources */,
				D8A96E992A9F91DB0015BBD3 /* SongTableViewCell.xib in Resources */,
				D8A96E882A9F8B130015BBD3 /* LaunchScreen.storyboard in Resources */,
				D81797E32AA2178B0038665C /* are-you-ready-for-love-8.mp3 in Resources */,
				D81797E82AA2178B0038665C /* nice-and-slow-6.mp3 in Resources */,
				D81797E52AA2178B0038665C /* three-way-love-affair-2.mp3 in Resources */,
				D81797E42AA2178B0038665C /* mama-cant-buy-you-love.mp3 in Resources */,
				D8A96E852A9F8B130015BBD3 /* Assets.xcassets in Resources */,
			);
			runOnlyForDeploymentPostprocessing = 0;
		};
/* End PBXResourcesBuildPhase section */

/* Begin PBXSourcesBuildPhase section */
		D8A96E742A9F8B110015BBD3 /* Sources */ = {
			isa = PBXSourcesBuildPhase;
			buildActionMask = 2147483647;
			files = (
				D81797A32AA096F40038665C /* SongViewController.swift in Sources */,
				D8AC29DA2AC1613B00CA5A1C /* Extesnions.swift in Sources */,
				D817979F2AA03F810038665C /* HeaderView.swift in Sources */,
				D81797B02AA0BE9A0038665C /* SongTableViewCellViewModel.swift in Sources */,
				D8A96E7C2A9F8B110015BBD3 /* AppDelegate.swift in Sources */,
				D8A96E982A9F91DB0015BBD3 /* SongTableViewCell.swift in Sources */,
				D81797A92AA0A9A60038665C /* MusicService.swift in Sources */,
				D81797AD2AA0AE780038665C /* MusicEndpoint.swift in Sources */,
				D8A96E7E2A9F8B110015BBD3 /* SceneDelegate.swift in Sources */,
				D81797AB2AA0AB2C0038665C /* MusicRequest.swift in Sources */,
				D8A96E912A9F8E410015BBD3 /* MusicListTableView.swift in Sources */,
				D8D83E2B2AA3494700B48F28 /* ContainerForSongVCView.swift in Sources */,
				D81797A62AA0A8360038665C /* Model.swift in Sources */,
				D81797B32AA0BFB30038665C /* FetchImage.swift in Sources */,
			);
			runOnlyForDeploymentPostprocessing = 0;
		};
/* End PBXSourcesBuildPhase section */

/* Begin PBXVariantGroup section */
		D8A96E862A9F8B130015BBD3 /* LaunchScreen.storyboard */ = {
			isa = PBXVariantGroup;
			children = (
				D8A96E872A9F8B130015BBD3 /* Base */,
			);
			name = LaunchScreen.storyboard;
			sourceTree = "<group>";
		};
/* End PBXVariantGroup section */

/* Begin XCBuildConfiguration section */
		D8A96E8A2A9F8B130015BBD3 /* Debug */ = {
			isa = XCBuildConfiguration;
			buildSettings = {
				ALWAYS_SEARCH_USER_PATHS = NO;
				CLANG_ANALYZER_NONNULL = YES;
				CLANG_ANALYZER_NUMBER_OBJECT_CONVERSION = YES_AGGRESSIVE;
				CLANG_CXX_LANGUAGE_STANDARD = "gnu++20";
				CLANG_ENABLE_MODULES = YES;
				CLANG_ENABLE_OBJC_ARC = YES;
				CLANG_ENABLE_OBJC_WEAK = YES;
				CLANG_WARN_BLOCK_CAPTURE_AUTORELEASING = YES;
				CLANG_WARN_BOOL_CONVERSION = YES;
				CLANG_WARN_COMMA = YES;
				CLANG_WARN_CONSTANT_CONVERSION = YES;
				CLANG_WARN_DEPRECATED_OBJC_IMPLEMENTATIONS = YES;
				CLANG_WARN_DIRECT_OBJC_ISA_USAGE = YES_ERROR;
				CLANG_WARN_DOCUMENTATION_COMMENTS = YES;
				CLANG_WARN_EMPTY_BODY = YES;
				CLANG_WARN_ENUM_CONVERSION = YES;
				CLANG_WARN_INFINITE_RECURSION = YES;
				CLANG_WARN_INT_CONVERSION = YES;
				CLANG_WARN_NON_LITERAL_NULL_CONVERSION = YES;
				CLANG_WARN_OBJC_IMPLICIT_RETAIN_SELF = YES;
				CLANG_WARN_OBJC_LITERAL_CONVERSION = YES;
				CLANG_WARN_OBJC_ROOT_CLASS = YES_ERROR;
				CLANG_WARN_QUOTED_INCLUDE_IN_FRAMEWORK_HEADER = YES;
				CLANG_WARN_RANGE_LOOP_ANALYSIS = YES;
				CLANG_WARN_STRICT_PROTOTYPES = YES;
				CLANG_WARN_SUSPICIOUS_MOVE = YES;
				CLANG_WARN_UNGUARDED_AVAILABILITY = YES_AGGRESSIVE;
				CLANG_WARN_UNREACHABLE_CODE = YES;
				CLANG_WARN__DUPLICATE_METHOD_MATCH = YES;
				COPY_PHASE_STRIP = NO;
				DEBUG_INFORMATION_FORMAT = dwarf;
				ENABLE_STRICT_OBJC_MSGSEND = YES;
				ENABLE_TESTABILITY = YES;
				GCC_C_LANGUAGE_STANDARD = gnu11;
				GCC_DYNAMIC_NO_PIC = NO;
				GCC_NO_COMMON_BLOCKS = YES;
				GCC_OPTIMIZATION_LEVEL = 0;
				GCC_PREPROCESSOR_DEFINITIONS = (
					"DEBUG=1",
					"$(inherited)",
				);
				GCC_WARN_64_TO_32_BIT_CONVERSION = YES;
				GCC_WARN_ABOUT_RETURN_TYPE = YES_ERROR;
				GCC_WARN_UNDECLARED_SELECTOR = YES;
				GCC_WARN_UNINITIALIZED_AUTOS = YES_AGGRESSIVE;
				GCC_WARN_UNUSED_FUNCTION = YES;
				GCC_WARN_UNUSED_VARIABLE = YES;
				IPHONEOS_DEPLOYMENT_TARGET = 16.2;
				MTL_ENABLE_DEBUG_INFO = INCLUDE_SOURCE;
				MTL_FAST_MATH = YES;
				ONLY_ACTIVE_ARCH = YES;
				SDKROOT = iphoneos;
				SWIFT_ACTIVE_COMPILATION_CONDITIONS = DEBUG;
				SWIFT_OPTIMIZATION_LEVEL = "-Onone";
			};
			name = Debug;
		};
		D8A96E8B2A9F8B130015BBD3 /* Release */ = {
			isa = XCBuildConfiguration;
			buildSettings = {
				ALWAYS_SEARCH_USER_PATHS = NO;
				CLANG_ANALYZER_NONNULL = YES;
				CLANG_ANALYZER_NUMBER_OBJECT_CONVERSION = YES_AGGRESSIVE;
				CLANG_CXX_LANGUAGE_STANDARD = "gnu++20";
				CLANG_ENABLE_MODULES = YES;
				CLANG_ENABLE_OBJC_ARC = YES;
				CLANG_ENABLE_OBJC_WEAK = YES;
				CLANG_WARN_BLOCK_CAPTURE_AUTORELEASING = YES;
				CLANG_WARN_BOOL_CONVERSION = YES;
				CLANG_WARN_COMMA = YES;
				CLANG_WARN_CONSTANT_CONVERSION = YES;
				CLANG_WARN_DEPRECATED_OBJC_IMPLEMENTATIONS = YES;
				CLANG_WARN_DIRECT_OBJC_ISA_USAGE = YES_ERROR;
				CLANG_WARN_DOCUMENTATION_COMMENTS = YES;
				CLANG_WARN_EMPTY_BODY = YES;
				CLANG_WARN_ENUM_CONVERSION = YES;
				CLANG_WARN_INFINITE_RECURSION = YES;
				CLANG_WARN_INT_CONVERSION = YES;
				CLANG_WARN_NON_LITERAL_NULL_CONVERSION = YES;
				CLANG_WARN_OBJC_IMPLICIT_RETAIN_SELF = YES;
				CLANG_WARN_OBJC_LITERAL_CONVERSION = YES;
				CLANG_WARN_OBJC_ROOT_CLASS = YES_ERROR;
				CLANG_WARN_QUOTED_INCLUDE_IN_FRAMEWORK_HEADER = YES;
				CLANG_WARN_RANGE_LOOP_ANALYSIS = YES;
				CLANG_WARN_STRICT_PROTOTYPES = YES;
				CLANG_WARN_SUSPICIOUS_MOVE = YES;
				CLANG_WARN_UNGUARDED_AVAILABILITY = YES_AGGRESSIVE;
				CLANG_WARN_UNREACHABLE_CODE = YES;
				CLANG_WARN__DUPLICATE_METHOD_MATCH = YES;
				COPY_PHASE_STRIP = NO;
				DEBUG_INFORMATION_FORMAT = "dwarf-with-dsym";
				ENABLE_NS_ASSERTIONS = NO;
				ENABLE_STRICT_OBJC_MSGSEND = YES;
				GCC_C_LANGUAGE_STANDARD = gnu11;
				GCC_NO_COMMON_BLOCKS = YES;
				GCC_WARN_64_TO_32_BIT_CONVERSION = YES;
				GCC_WARN_ABOUT_RETURN_TYPE = YES_ERROR;
				GCC_WARN_UNDECLARED_SELECTOR = YES;
				GCC_WARN_UNINITIALIZED_AUTOS = YES_AGGRESSIVE;
				GCC_WARN_UNUSED_FUNCTION = YES;
				GCC_WARN_UNUSED_VARIABLE = YES;
				IPHONEOS_DEPLOYMENT_TARGET = 16.2;
				MTL_ENABLE_DEBUG_INFO = NO;
				MTL_FAST_MATH = YES;
				SDKROOT = iphoneos;
				SWIFT_COMPILATION_MODE = wholemodule;
				SWIFT_OPTIMIZATION_LEVEL = "-O";
				VALIDATE_PRODUCT = YES;
			};
			name = Release;
		};
		D8A96E8D2A9F8B130015BBD3 /* Debug */ = {
			isa = XCBuildConfiguration;
			buildSettings = {
				ASSETCATALOG_COMPILER_APPICON_NAME = AppIcon;
				ASSETCATALOG_COMPILER_GLOBAL_ACCENT_COLOR_NAME = AccentColor;
				CODE_SIGN_STYLE = Automatic;
				CURRENT_PROJECT_VERSION = 1;
				DEVELOPMENT_TEAM = 5MC88K2KB8;
				GENERATE_INFOPLIST_FILE = YES;
				INFOPLIST_FILE = Music/Info.plist;
				INFOPLIST_KEY_UIApplicationSupportsIndirectInputEvents = YES;
				INFOPLIST_KEY_UILaunchStoryboardName = LaunchScreen;
				INFOPLIST_KEY_UISupportedInterfaceOrientations_iPad = "UIInterfaceOrientationPortrait UIInterfaceOrientationPortraitUpsideDown UIInterfaceOrientationLandscapeLeft UIInterfaceOrientationLandscapeRight";
				INFOPLIST_KEY_UISupportedInterfaceOrientations_iPhone = "UIInterfaceOrientationPortrait UIInterfaceOrientationLandscapeLeft UIInterfaceOrientationLandscapeRight";
				LD_RUNPATH_SEARCH_PATHS = (
					"$(inherited)",
					"@executable_path/Frameworks",
				);
				MARKETING_VERSION = 1.0;
				PRODUCT_BUNDLE_IDENTIFIER = com.education.Music;
				PRODUCT_NAME = "$(TARGET_NAME)";
				SWIFT_EMIT_LOC_STRINGS = YES;
				SWIFT_VERSION = 5.0;
				TARGETED_DEVICE_FAMILY = "1,2";
			};
			name = Debug;
		};
		D8A96E8E2A9F8B130015BBD3 /* Release */ = {
			isa = XCBuildConfiguration;
			buildSettings = {
				ASSETCATALOG_COMPILER_APPICON_NAME = AppIcon;
				ASSETCATALOG_COMPILER_GLOBAL_ACCENT_COLOR_NAME = AccentColor;
				CODE_SIGN_ENTITLEMENTS = Music/MusicRelease.entitlements;
				CODE_SIGN_STYLE = Automatic;
				CURRENT_PROJECT_VERSION = 1;
				DEVELOPMENT_TEAM = 5MC88K2KB8;
				GENERATE_INFOPLIST_FILE = YES;
				INFOPLIST_FILE = Music/Info.plist;
				INFOPLIST_KEY_UIApplicationSupportsIndirectInputEvents = YES;
				INFOPLIST_KEY_UILaunchStoryboardName = LaunchScreen;
				INFOPLIST_KEY_UISupportedInterfaceOrientations_iPad = "UIInterfaceOrientationPortrait UIInterfaceOrientationPortraitUpsideDown UIInterfaceOrientationLandscapeLeft UIInterfaceOrientationLandscapeRight";
				INFOPLIST_KEY_UISupportedInterfaceOrientations_iPhone = "UIInterfaceOrientationPortrait UIInterfaceOrientationLandscapeLeft UIInterfaceOrientationLandscapeRight";
				LD_RUNPATH_SEARCH_PATHS = (
					"$(inherited)",
					"@executable_path/Frameworks",
				);
				MARKETING_VERSION = 1.0;
				PRODUCT_BUNDLE_IDENTIFIER = com.education.Music;
				PRODUCT_NAME = "$(TARGET_NAME)";
				SWIFT_EMIT_LOC_STRINGS = YES;
				SWIFT_VERSION = 5.0;
				TARGETED_DEVICE_FAMILY = "1,2";
			};
			name = Release;
		};
/* End XCBuildConfiguration section */

/* Begin XCConfigurationList section */
		D8A96E732A9F8B110015BBD3 /* Build configuration list for PBXProject "Music" */ = {
			isa = XCConfigurationList;
			buildConfigurations = (
				D8A96E8A2A9F8B130015BBD3 /* Debug */,
				D8A96E8B2A9F8B130015BBD3 /* Release */,
			);
			defaultConfigurationIsVisible = 0;
			defaultConfigurationName = Release;
		};
		D8A96E8C2A9F8B130015BBD3 /* Build configuration list for PBXNativeTarget "Music" */ = {
			isa = XCConfigurationList;
			buildConfigurations = (
				D8A96E8D2A9F8B130015BBD3 /* Debug */,
				D8A96E8E2A9F8B130015BBD3 /* Release */,
			);
			defaultConfigurationIsVisible = 0;
			defaultConfigurationName = Release;
		};
/* End XCConfigurationList section */
	};
	rootObject = D8A96E702A9F8B110015BBD3 /* Project object */;
}
